// !$*UTF8*$!
{
	archiveVersion = 1;
	classes = {
	};
	objectVersion = 46;
	objects = {

/* Begin PBXBuildFile section */
		66D56F1A1F753B5D00407352 /* AppDelegate.m in Sources */ = {isa = PBXBuildFile; fileRef = 66D56F121F753B5D00407352 /* AppDelegate.m */; };
		66D56F1C1F753B5D00407352 /* main.m in Sources */ = {isa = PBXBuildFile; fileRef = 66D56F141F753B5D00407352 /* main.m */; };
		66D56F1D1F753B5D00407352 /* Assets.xcassets in Resources */ = {isa = PBXBuildFile; fileRef = 66D56F171F753B5D00407352 /* Assets.xcassets */; };
		66D56F1E1F753B5D00407352 /* LaunchScreen.storyboard in Resources */ = {isa = PBXBuildFile; fileRef = 66D56F181F753B5D00407352 /* LaunchScreen.storyboard */; };
		66D56F2E1F753CA900407352 /* ContributorsFeedViewController.m in Sources */ = {isa = PBXBuildFile; fileRef = 66D56F2C1F753CA900407352 /* ContributorsFeedViewController.m */; };
		66D56F2F1F753CA900407352 /* ContributorsFeedViewController.xib in Resources */ = {isa = PBXBuildFile; fileRef = 66D56F2D1F753CA900407352 /* ContributorsFeedViewController.xib */; };
		66D56F361F753FAD00407352 /* AppFlowCoordinator.m in Sources */ = {isa = PBXBuildFile; fileRef = 66D56F351F753FAD00407352 /* AppFlowCoordinator.m */; };
		66D56F3B1F75434E00407352 /* GHUser.m in Sources */ = {isa = PBXBuildFile; fileRef = 66D56F3A1F75434E00407352 /* GHUser.m */; };
		66D56F3F1F754A1600407352 /* UserTableViewCell.m in Sources */ = {isa = PBXBuildFile; fileRef = 66D56F3D1F754A1600407352 /* UserTableViewCell.m */; };
		66D56F401F754A1600407352 /* UserTableViewCell.xib in Resources */ = {isa = PBXBuildFile; fileRef = 66D56F3E1F754A1600407352 /* UserTableViewCell.xib */; };
/* End PBXBuildFile section */

/* Begin PBXFileReference section */
		66D56EF61F753ADB00407352 /* Top Contributers.app */ = {isa = PBXFileReference; explicitFileType = wrapper.application; includeInIndex = 0; path = "Top Contributers.app"; sourceTree = BUILT_PRODUCTS_DIR; };
		66D56F111F753B5D00407352 /* AppDelegate.h */ = {isa = PBXFileReference; fileEncoding = 4; lastKnownFileType = sourcecode.c.h; path = AppDelegate.h; sourceTree = "<group>"; };
		66D56F121F753B5D00407352 /* AppDelegate.m */ = {isa = PBXFileReference; fileEncoding = 4; lastKnownFileType = sourcecode.c.objc; path = AppDelegate.m; sourceTree = "<group>"; };
		66D56F131F753B5D00407352 /* Info.plist */ = {isa = PBXFileReference; fileEncoding = 4; lastKnownFileType = text.plist.xml; path = Info.plist; sourceTree = "<group>"; };
		66D56F141F753B5D00407352 /* main.m */ = {isa = PBXFileReference; fileEncoding = 4; lastKnownFileType = sourcecode.c.objc; path = main.m; sourceTree = "<group>"; };
		66D56F171F753B5D00407352 /* Assets.xcassets */ = {isa = PBXFileReference; lastKnownFileType = folder.assetcatalog; path = Assets.xcassets; sourceTree = "<group>"; };
		66D56F181F753B5D00407352 /* LaunchScreen.storyboard */ = {isa = PBXFileReference; fileEncoding = 4; lastKnownFileType = file.storyboard; path = LaunchScreen.storyboard; sourceTree = "<group>"; };
		66D56F2B1F753CA900407352 /* ContributorsFeedViewController.h */ = {isa = PBXFileReference; fileEncoding = 4; lastKnownFileType = sourcecode.c.h; path = ContributorsFeedViewController.h; sourceTree = "<group>"; };
		66D56F2C1F753CA900407352 /* ContributorsFeedViewController.m */ = {isa = PBXFileReference; fileEncoding = 4; lastKnownFileType = sourcecode.c.objc; path = ContributorsFeedViewController.m; sourceTree = "<group>"; };
		66D56F2D1F753CA900407352 /* ContributorsFeedViewController.xib */ = {isa = PBXFileReference; fileEncoding = 4; lastKnownFileType = file.xib; path = ContributorsFeedViewController.xib; sourceTree = "<group>"; };
		66D56F341F753FAD00407352 /* AppFlowCoordinator.h */ = {isa = PBXFileReference; fileEncoding = 4; lastKnownFileType = sourcecode.c.h; path = AppFlowCoordinator.h; sourceTree = "<group>"; };
		66D56F351F753FAD00407352 /* AppFlowCoordinator.m */ = {isa = PBXFileReference; fileEncoding = 4; lastKnownFileType = sourcecode.c.objc; path = AppFlowCoordinator.m; sourceTree = "<group>"; };
		66D56F391F75434E00407352 /* GHUser.h */ = {isa = PBXFileReference; fileEncoding = 4; lastKnownFileType = sourcecode.c.h; path = GHUser.h; sourceTree = "<group>"; };
		66D56F3A1F75434E00407352 /* GHUser.m */ = {isa = PBXFileReference; fileEncoding = 4; lastKnownFileType = sourcecode.c.objc; path = GHUser.m; sourceTree = "<group>"; };
		66D56F3C1F754A1600407352 /* UserTableViewCell.h */ = {isa = PBXFileReference; fileEncoding = 4; lastKnownFileType = sourcecode.c.h; path = UserTableViewCell.h; sourceTree = "<group>"; };
		66D56F3D1F754A1600407352 /* UserTableViewCell.m */ = {isa = PBXFileReference; fileEncoding = 4; lastKnownFileType = sourcecode.c.objc; path = UserTableViewCell.m; sourceTree = "<group>"; };
		66D56F3E1F754A1600407352 /* UserTableViewCell.xib */ = {isa = PBXFileReference; fileEncoding = 4; lastKnownFileType = file.xib; path = UserTableViewCell.xib; sourceTree = "<group>"; };
/* End PBXFileReference section */

/* Begin PBXFrameworksBuildPhase section */
		66D56EF31F753ADB00407352 /* Frameworks */ = {
			isa = PBXFrameworksBuildPhase;
			buildActionMask = 2147483647;
			files = (
			);
			runOnlyForDeploymentPostprocessing = 0;
		};
/* End PBXFrameworksBuildPhase section */

/* Begin PBXGroup section */
		66D56EED1F753ADB00407352 = {
			isa = PBXGroup;
			children = (
				66D56EF81F753ADB00407352 /* Top Contributers */,
				66D56EF71F753ADB00407352 /* Products */,
			);
			sourceTree = "<group>";
		};
		66D56EF71F753ADB00407352 /* Products */ = {
			isa = PBXGroup;
			children = (
				66D56EF61F753ADB00407352 /* Top Contributers.app */,
			);
			name = Products;
			sourceTree = "<group>";
		};
		66D56EF81F753ADB00407352 /* Top Contributers */ = {
			isa = PBXGroup;
			children = (
				66D56F101F753B5D00407352 /* Application */,
				66D56F191F753B5D00407352 /* ViewControllers */,
				66D56F151F753B5D00407352 /* FlowCoordinators */,
				66D56F371F75432E00407352 /* Models */,
				66D56F161F753B5D00407352 /* Resources */,
			);
			path = "Top Contributers";
			sourceTree = "<group>";
		};
		66D56F101F753B5D00407352 /* Application */ = {
			isa = PBXGroup;
			children = (
				66D56F111F753B5D00407352 /* AppDelegate.h */,
				66D56F121F753B5D00407352 /* AppDelegate.m */,
				66D56F131F753B5D00407352 /* Info.plist */,
				66D56F141F753B5D00407352 /* main.m */,
			);
			path = Application;
			sourceTree = "<group>";
		};
		66D56F151F753B5D00407352 /* FlowCoordinators */ = {
			isa = PBXGroup;
			children = (
				66D56F331F753FAD00407352 /* AppFlow */,
			);
			path = FlowCoordinators;
			sourceTree = "<group>";
		};
		66D56F161F753B5D00407352 /* Resources */ = {
			isa = PBXGroup;
			children = (
				66D56F171F753B5D00407352 /* Assets.xcassets */,
				66D56F181F753B5D00407352 /* LaunchScreen.storyboard */,
			);
			path = Resources;
			sourceTree = "<group>";
		};
		66D56F191F753B5D00407352 /* ViewControllers */ = {
			isa = PBXGroup;
			children = (
				66D56F241F753C6B00407352 /* Contributors */,
			);
			path = ViewControllers;
			sourceTree = "<group>";
		};
		66D56F241F753C6B00407352 /* Contributors */ = {
			isa = PBXGroup;
			children = (
				66D56F251F753C6B00407352 /* Feed */,
				66D56F291F753C6B00407352 /* TopContributorsFeed */,
			);
			path = Contributors;
			sourceTree = "<group>";
		};
		66D56F251F753C6B00407352 /* Feed */ = {
			isa = PBXGroup;
			children = (
				66D56F261F753C6B00407352 /* Cell */,
				66D56F271F753C6B00407352 /* Presenter */,
				66D56F281F753C6B00407352 /* ViewController */,
			);
			path = Feed;
			sourceTree = "<group>";
		};
		66D56F261F753C6B00407352 /* Cell */ = {
			isa = PBXGroup;
			children = (
				66D56F3C1F754A1600407352 /* UserTableViewCell.h */,
				66D56F3D1F754A1600407352 /* UserTableViewCell.m */,
				66D56F3E1F754A1600407352 /* UserTableViewCell.xib */,
			);
			path = Cell;
			sourceTree = "<group>";
		};
		66D56F271F753C6B00407352 /* Presenter */ = {
			isa = PBXGroup;
			children = (
			);
			path = Presenter;
			sourceTree = "<group>";
		};
		66D56F281F753C6B00407352 /* ViewController */ = {
			isa = PBXGroup;
			children = (
				66D56F2B1F753CA900407352 /* ContributorsFeedViewController.h */,
				66D56F2C1F753CA900407352 /* ContributorsFeedViewController.m */,
				66D56F2D1F753CA900407352 /* ContributorsFeedViewController.xib */,
			);
			path = ViewController;
			sourceTree = "<group>";
		};
		66D56F291F753C6B00407352 /* TopContributorsFeed */ = {
			isa = PBXGroup;
			children = (
				66D56F2A1F753C6B00407352 /* Presenter */,
			);
			path = TopContributorsFeed;
			sourceTree = "<group>";
		};
		66D56F2A1F753C6B00407352 /* Presenter */ = {
			isa = PBXGroup;
			children = (
			);
			path = Presenter;
			sourceTree = "<group>";
		};
		66D56F331F753FAD00407352 /* AppFlow */ = {
			isa = PBXGroup;
			children = (
				66D56F341F753FAD00407352 /* AppFlowCoordinator.h */,
				66D56F351F753FAD00407352 /* AppFlowCoordinator.m */,
			);
			path = AppFlow;
			sourceTree = "<group>";
		};
		66D56F371F75432E00407352 /* Models */ = {
			isa = PBXGroup;
			children = (
				66D56F381F75432E00407352 /* User */,
			);
			path = Models;
			sourceTree = "<group>";
		};
		66D56F381F75432E00407352 /* User */ = {
			isa = PBXGroup;
			children = (
				66D56F391F75434E00407352 /* GHUser.h */,
				66D56F3A1F75434E00407352 /* GHUser.m */,
			);
			path = User;
			sourceTree = "<group>";
		};
/* End PBXGroup section */

/* Begin PBXNativeTarget section */
		66D56EF51F753ADB00407352 /* Top Contributers */ = {
			isa = PBXNativeTarget;
			buildConfigurationList = 66D56F0D1F753ADB00407352 /* Build configuration list for PBXNativeTarget "Top Contributers" */;
			buildPhases = (
				66D56EF21F753ADB00407352 /* Sources */,
				66D56EF31F753ADB00407352 /* Frameworks */,
				66D56EF41F753ADB00407352 /* Resources */,
			);
			buildRules = (
			);
			dependencies = (
			);
			name = "Top Contributers";
			productName = "Top Contributers";
			productReference = 66D56EF61F753ADB00407352 /* Top Contributers.app */;
			productType = "com.apple.product-type.application";
		};
/* End PBXNativeTarget section */

/* Begin PBXProject section */
		66D56EEE1F753ADB00407352 /* Project object */ = {
			isa = PBXProject;
			attributes = {
				LastUpgradeCheck = 0830;
				ORGANIZATIONNAME = Rumberos;
				TargetAttributes = {
					66D56EF51F753ADB00407352 = {
						CreatedOnToolsVersion = 8.3.3;
						DevelopmentTeam = 7UJR3R8VME;
						ProvisioningStyle = Automatic;
					};
				};
			};
			buildConfigurationList = 66D56EF11F753ADB00407352 /* Build configuration list for PBXProject "Top Contributers" */;
			compatibilityVersion = "Xcode 3.2";
			developmentRegion = English;
			hasScannedForEncodings = 0;
			knownRegions = (
				en,
				Base,
			);
			mainGroup = 66D56EED1F753ADB00407352;
			productRefGroup = 66D56EF71F753ADB00407352 /* Products */;
			projectDirPath = "";
			projectRoot = "";
			targets = (
				66D56EF51F753ADB00407352 /* Top Contributers */,
			);
		};
/* End PBXProject section */

/* Begin PBXResourcesBuildPhase section */
		66D56EF41F753ADB00407352 /* Resources */ = {
			isa = PBXResourcesBuildPhase;
			buildActionMask = 2147483647;
			files = (
				66D56F2F1F753CA900407352 /* ContributorsFeedViewController.xib in Resources */,
				66D56F401F754A1600407352 /* UserTableViewCell.xib in Resources */,
				66D56F1E1F753B5D00407352 /* LaunchScreen.storyboard in Resources */,
				66D56F1D1F753B5D00407352 /* Assets.xcassets in Resources */,
			);
			runOnlyForDeploymentPostprocessing = 0;
		};
/* End PBXResourcesBuildPhase section */

/* Begin PBXSourcesBuildPhase section */
		66D56EF21F753ADB00407352 /* Sources */ = {
			isa = PBXSourcesBuildPhase;
			buildActionMask = 2147483647;
			files = (
				66D56F361F753FAD00407352 /* AppFlowCoordinator.m in Sources */,
				66D56F1C1F753B5D00407352 /* main.m in Sources */,
				66D56F2E1F753CA900407352 /* ContributorsFeedViewController.m in Sources */,
				66D56F3F1F754A1600407352 /* UserTableViewCell.m in Sources */,
				66D56F1A1F753B5D00407352 /* AppDelegate.m in Sources */,
				66D56F3B1F75434E00407352 /* GHUser.m in Sources */,
			);
			runOnlyForDeploymentPostprocessing = 0;
		};
/* End PBXSourcesBuildPhase section */

/* Begin XCBuildConfiguration section */
		66D56F0B1F753ADB00407352 /* Debug */ = {
			isa = XCBuildConfiguration;
			buildSettings = {
				ALWAYS_SEARCH_USER_PATHS = NO;
				CLANG_ANALYZER_NONNULL = YES;
				CLANG_ANALYZER_NUMBER_OBJECT_CONVERSION = YES_AGGRESSIVE;
				CLANG_CXX_LANGUAGE_STANDARD = "gnu++0x";
				CLANG_CXX_LIBRARY = "libc++";
				CLANG_ENABLE_MODULES = YES;
				CLANG_ENABLE_OBJC_ARC = YES;
				CLANG_WARN_BOOL_CONVERSION = YES;
				CLANG_WARN_CONSTANT_CONVERSION = YES;
				CLANG_WARN_DIRECT_OBJC_ISA_USAGE = YES_ERROR;
				CLANG_WARN_DOCUMENTATION_COMMENTS = YES;
				CLANG_WARN_EMPTY_BODY = YES;
				CLANG_WARN_ENUM_CONVERSION = YES;
				CLANG_WARN_INFINITE_RECURSION = YES;
				CLANG_WARN_INT_CONVERSION = YES;
				CLANG_WARN_OBJC_ROOT_CLASS = YES_ERROR;
				CLANG_WARN_SUSPICIOUS_MOVE = YES;
				CLANG_WARN_UNREACHABLE_CODE = YES;
				CLANG_WARN__DUPLICATE_METHOD_MATCH = YES;
				"CODE_SIGN_IDENTITY[sdk=iphoneos*]" = "iPhone Developer";
				COPY_PHASE_STRIP = NO;
				DEBUG_INFORMATION_FORMAT = dwarf;
				ENABLE_STRICT_OBJC_MSGSEND = YES;
				ENABLE_TESTABILITY = YES;
				GCC_C_LANGUAGE_STANDARD = gnu99;
				GCC_DYNAMIC_NO_PIC = NO;
				GCC_NO_COMMON_BLOCKS = YES;
				GCC_OPTIMIZATION_LEVEL = 0;
				GCC_PREPROCESSOR_DEFINITIONS = (
					"DEBUG=1",
					"$(inherited)",
				);
				GCC_WARN_64_TO_32_BIT_CONVERSION = YES;
				GCC_WARN_ABOUT_RETURN_TYPE = YES_ERROR;
				GCC_WARN_UNDECLARED_SELECTOR = YES;
				GCC_WARN_UNINITIALIZED_AUTOS = YES_AGGRESSIVE;
				GCC_WARN_UNUSED_FUNCTION = YES;
				GCC_WARN_UNUSED_VARIABLE = YES;
				IPHONEOS_DEPLOYMENT_TARGET = 10.3;
				MTL_ENABLE_DEBUG_INFO = YES;
				ONLY_ACTIVE_ARCH = YES;
				SDKROOT = iphoneos;
			};
			name = Debug;
		};
		66D56F0C1F753ADB00407352 /* Release */ = {
			isa = XCBuildConfiguration;
			buildSettings = {
				ALWAYS_SEARCH_USER_PATHS = NO;
				CLANG_ANALYZER_NONNULL = YES;
				CLANG_ANALYZER_NUMBER_OBJECT_CONVERSION = YES_AGGRESSIVE;
				CLANG_CXX_LANGUAGE_STANDARD = "gnu++0x";
				CLANG_CXX_LIBRARY = "libc++";
				CLANG_ENABLE_MODULES = YES;
				CLANG_ENABLE_OBJC_ARC = YES;
				CLANG_WARN_BOOL_CONVERSION = YES;
				CLANG_WARN_CONSTANT_CONVERSION = YES;
				CLANG_WARN_DIRECT_OBJC_ISA_USAGE = YES_ERROR;
				CLANG_WARN_DOCUMENTATION_COMMENTS = YES;
				CLANG_WARN_EMPTY_BODY = YES;
				CLANG_WARN_ENUM_CONVERSION = YES;
				CLANG_WARN_INFINITE_RECURSION = YES;
				CLANG_WARN_INT_CONVERSION = YES;
				CLANG_WARN_OBJC_ROOT_CLASS = YES_ERROR;
				CLANG_WARN_SUSPICIOUS_MOVE = YES;
				CLANG_WARN_UNREACHABLE_CODE = YES;
				CLANG_WARN__DUPLICATE_METHOD_MATCH = YES;
				"CODE_SIGN_IDENTITY[sdk=iphoneos*]" = "iPhone Developer";
				COPY_PHASE_STRIP = NO;
				DEBUG_INFORMATION_FORMAT = "dwarf-with-dsym";
				ENABLE_NS_ASSERTIONS = NO;
				ENABLE_STRICT_OBJC_MSGSEND = YES;
				GCC_C_LANGUAGE_STANDARD = gnu99;
				GCC_NO_COMMON_BLOCKS = YES;
				GCC_WARN_64_TO_32_BIT_CONVERSION = YES;
				GCC_WARN_ABOUT_RETURN_TYPE = YES_ERROR;
				GCC_WARN_UNDECLARED_SELECTOR = YES;
				GCC_WARN_UNINITIALIZED_AUTOS = YES_AGGRESSIVE;
				GCC_WARN_UNUSED_FUNCTION = YES;
				GCC_WARN_UNUSED_VARIABLE = YES;
				IPHONEOS_DEPLOYMENT_TARGET = 10.3;
				MTL_ENABLE_DEBUG_INFO = NO;
				SDKROOT = iphoneos;
				VALIDATE_PRODUCT = YES;
			};
			name = Release;
		};
		66D56F0E1F753ADB00407352 /* Debug */ = {
			isa = XCBuildConfiguration;
			buildSettings = {
				ASSETCATALOG_COMPILER_APPICON_NAME = AppIcon;
				DEVELOPMENT_TEAM = 7UJR3R8VME;
				INFOPLIST_FILE = "$(SRCROOT)/Top Contributers/Application/Info.plist";
				LD_RUNPATH_SEARCH_PATHS = "$(inherited) @executable_path/Frameworks";
				PRODUCT_BUNDLE_IDENTIFIER = "com.rumberos.Top-Contributers";
				PRODUCT_NAME = "$(TARGET_NAME)";
			};
			name = Debug;
		};
		66D56F0F1F753ADB00407352 /* Release */ = {
			isa = XCBuildConfiguration;
			buildSettings = {
				ASSETCATALOG_COMPILER_APPICON_NAME = AppIcon;
				DEVELOPMENT_TEAM = 7UJR3R8VME;
				INFOPLIST_FILE = "$(SRCROOT)/Top Contributers/Application/Info.plist";
				LD_RUNPATH_SEARCH_PATHS = "$(inherited) @executable_path/Frameworks";
				PRODUCT_BUNDLE_IDENTIFIER = "com.rumberos.Top-Contributers";
				PRODUCT_NAME = "$(TARGET_NAME)";
			};
			name = Release;
		};
/* End XCBuildConfiguration section */

/* Begin XCConfigurationList section */
		66D56EF11F753ADB00407352 /* Build configuration list for PBXProject "Top Contributers" */ = {
			isa = XCConfigurationList;
			buildConfigurations = (
				66D56F0B1F753ADB00407352 /* Debug */,
				66D56F0C1F753ADB00407352 /* Release */,
			);
			defaultConfigurationIsVisible = 0;
			defaultConfigurationName = Release;
		};
		66D56F0D1F753ADB00407352 /* Build configuration list for PBXNativeTarget "Top Contributers" */ = {
			isa = XCConfigurationList;
			buildConfigurations = (
				66D56F0E1F753ADB00407352 /* Debug */,
				66D56F0F1F753ADB00407352 /* Release */,
			);
			defaultConfigurationIsVisible = 0;
		};
/* End XCConfigurationList section */
	};
	rootObject = 66D56EEE1F753ADB00407352 /* Project object */;
}
